
Microsoft Visual Studio Solution File, Format Version 12.00
# Visual Studio 2012
Project("{2150E333-8FDC-42A3-9474-1A3956D46DE8}") = ".nuget", ".nuget", "{092FAF68-EAA7-48CD-B08F-3001CF142FE0}"
	ProjectSection(SolutionItems) = preProject
		.nuget\NuGet.Config = .nuget\NuGet.Config
		.nuget\NuGet.exe = .nuget\NuGet.exe
		.nuget\NuGet.targets = .nuget\NuGet.targets
	EndProjectSection
EndProject
Project("{FAE04EC0-301F-11D3-BF4B-00C04F79EFBC}") = "StatelessViewModels", "StatelessViewModels\StatelessViewModels.csproj", "{921D11C6-26BE-4104-970A-F09F15C2BDE4}"
EndProject
Global
	GlobalSection(SolutionConfigurationPlatforms) = preSolution
		Debug|Any CPU = Debug|Any CPU
		Release|Any CPU = Release|Any CPU
	EndGlobalSection
	GlobalSection(ProjectConfigurationPlatforms) = postSolution
		{921D11C6-26BE-4104-970A-F09F15C2BDE4}.Debug|Any CPU.ActiveCfg = Debug|Any CPU
		{921D11C6-26BE-4104-970A-F09F15C2BDE4}.Debug|Any CPU.Build.0 = Debug|Any CPU
		{921D11C6-26BE-4104-970A-F09F15C2BDE4}.Release|Any CPU.ActiveCfg = Release|Any CPU
		{921D11C6-26BE-4104-970A-F09F15C2BDE4}.Release|Any CPU.Build.0 = Release|Any CPU
	EndGlobalSection
	GlobalSection(SolutionProperties) = preSolution
		HideSolutionNode = FALSE
	EndGlobalSection
EndGlobal
